
Microsoft Visual Studio Solution File, Format Version 12.00
# Visual Studio Version 16
VisualStudioVersion = 16.0.29102.190
MinimumVisualStudioVersion = 10.0.40219.1
Project("{9A19103F-16F7-4668-BE54-9A1E7A4F7556}") = "Stocky.Web", "Stocky.Web\Stocky.Web.csproj", "{47ECCB97-DC09-467F-AD9E-0DC32B9E7442}"
EndProject
Project("{9A19103F-16F7-4668-BE54-9A1E7A4F7556}") = "Stocky.Data", "Stocky.Data\Stocky.Data.csproj", "{FDB01B83-05EF-49B6-9BDD-DAE6CCAF414F}"
EndProject
Project("{9A19103F-16F7-4668-BE54-9A1E7A4F7556}") = "Stocky.DataAccess", "Stocky.DataAccess\Stocky.DataAccess.csproj", "{4070210B-A793-40BF-8629-592071AD7483}"
EndProject
Project("{9A19103F-16F7-4668-BE54-9A1E7A4F7556}") = "Stocky.Core", "Stocky.Core\Stocky.Core.csproj", "{E056245E-C471-480B-9F43-F3B080A51DF2}"
EndProject
Global
	GlobalSection(SolutionConfigurationPlatforms) = preSolution
		Debug|Any CPU = Debug|Any CPU
		Release|Any CPU = Release|Any CPU
	EndGlobalSection
	GlobalSection(ProjectConfigurationPlatforms) = postSolution
		{47ECCB97-DC09-467F-AD9E-0DC32B9E7442}.Debug|Any CPU.ActiveCfg = Debug|Any CPU
		{47ECCB97-DC09-467F-AD9E-0DC32B9E7442}.Debug|Any CPU.Build.0 = Debug|Any CPU
		{47ECCB97-DC09-467F-AD9E-0DC32B9E7442}.Release|Any CPU.ActiveCfg = Release|Any CPU
		{47ECCB97-DC09-467F-AD9E-0DC32B9E7442}.Release|Any CPU.Build.0 = Release|Any CPU
		{FDB01B83-05EF-49B6-9BDD-DAE6CCAF414F}.Debug|Any CPU.ActiveCfg = Debug|Any CPU
		{FDB01B83-05EF-49B6-9BDD-DAE6CCAF414F}.Debug|Any CPU.Build.0 = Debug|Any CPU
		{FDB01B83-05EF-49B6-9BDD-DAE6CCAF414F}.Release|Any CPU.ActiveCfg = Release|Any CPU
		{FDB01B83-05EF-49B6-9BDD-DAE6CCAF414F}.Release|Any CPU.Build.0 = Release|Any CPU
		{4070210B-A793-40BF-8629-592071AD7483}.Debug|Any CPU.ActiveCfg = Debug|Any CPU
		{4070210B-A793-40BF-8629-592071AD7483}.Debug|Any CPU.Build.0 = Debug|Any CPU
		{4070210B-A793-40BF-8629-592071AD7483}.Release|Any CPU.ActiveCfg = Release|Any CPU
		{4070210B-A793-40BF-8629-592071AD7483}.Release|Any CPU.Build.0 = Release|Any CPU
		{E056245E-C471-480B-9F43-F3B080A51DF2}.Debug|Any CPU.ActiveCfg = Debug|Any CPU
		{E056245E-C471-480B-9F43-F3B080A51DF2}.Debug|Any CPU.Build.0 = Debug|Any CPU
		{E056245E-C471-480B-9F43-F3B080A51DF2}.Release|Any CPU.ActiveCfg = Release|Any CPU
		{E056245E-C471-480B-9F43-F3B080A51DF2}.Release|Any CPU.Build.0 = Release|Any CPU
	EndGlobalSection
	GlobalSection(SolutionProperties) = preSolution
		HideSolutionNode = FALSE
	EndGlobalSection
	GlobalSection(ExtensibilityGlobals) = postSolution
		SolutionGuid = {14D32D78-296C-43F4-BD82-2D9741A6D918}
	EndGlobalSection
EndGlobal
